// !$*UTF8*$!
{
	archiveVersion = 1;
	classes = {
	};
	objectVersion = 50;
	objects = {

/* Begin PBXBuildFile section */
		6F2D40192253692D006DDDE2 /* FineSDKTools.mm in Sources */ = {isa = PBXBuildFile; fileRef = 6F2D40182253692D006DDDE2 /* FineSDKTools.mm */; };
		6F58370F224B709200B66C4B /* ProtocolFather.cpp in Sources */ = {isa = PBXBuildFile; fileRef = 6F583704224B709200B66C4B /* ProtocolFather.cpp */; };
		6F583710224B709200B66C4B /* ProtocolObject.cpp in Sources */ = {isa = PBXBuildFile; fileRef = 6F583706224B709200B66C4B /* ProtocolObject.cpp */; };
		6F583712224B709200B66C4B /* Platform.cpp in Sources */ = {isa = PBXBuildFile; fileRef = 6F58370B224B709200B66C4B /* Platform.cpp */; };
		6F583723224B70D800B66C4B /* ProtocolObject.h in CopyFiles */ = {isa = PBXBuildFile; fileRef = 6F583703224B709200B66C4B /* ProtocolObject.h */; };
		6F583725224B70E600B66C4B /* ProtocolFather.h in CopyFiles */ = {isa = PBXBuildFile; fileRef = 6F583709224B709200B66C4B /* ProtocolFather.h */; };
		6F583726224B70E900B66C4B /* Platform.h in CopyFiles */ = {isa = PBXBuildFile; fileRef = 6F58370D224B709200B66C4B /* Platform.h */; };
		6F583727224B70EE00B66C4B /* CallBackListener.h in CopyFiles */ = {isa = PBXBuildFile; fileRef = 6F58370C224B709200B66C4B /* CallBackListener.h */; };
		6F583728224B70F200B66C4B /* FineSDKInterface.h in CopyFiles */ = {isa = PBXBuildFile; fileRef = 6F58371E224B70B800B66C4B /* FineSDKInterface.h */; };
		6F6B4387224C75C8005CB0F3 /* FineSDK.mm in Sources */ = {isa = PBXBuildFile; fileRef = 6F5836F9224B6FE400B66C4B /* FineSDK.mm */; };
		6F6B4388224C75DE005CB0F3 /* FineSDK.h in CopyFiles */ = {isa = PBXBuildFile; fileRef = 6F5836F8224B6FE400B66C4B /* FineSDK.h */; };
		6F6B438C224DF600005CB0F3 /* BaseSDK.mm in Sources */ = {isa = PBXBuildFile; fileRef = 6F6B438B224DF600005CB0F3 /* BaseSDK.mm */; };
		6F6B438E224DF77C005CB0F3 /* BaseSDK.h in CopyFiles */ = {isa = PBXBuildFile; fileRef = 6F6B438D224DF626005CB0F3 /* BaseSDK.h */; };
		6F6B4392224E1730005CB0F3 /* FineProtocol.cpp in Sources */ = {isa = PBXBuildFile; fileRef = 6F6B4391224E1730005CB0F3 /* FineProtocol.cpp */; };
		6F6DBA36225F54F400A91DCB /* FineUnity3D.cpp in Sources */ = {isa = PBXBuildFile; fileRef = 6F6DBA33225F486800A91DCB /* FineUnity3D.cpp */; };
/* End PBXBuildFile section */

/* Begin PBXCopyFilesBuildPhase section */
		6F5836F3224B6FE400B66C4B /* CopyFiles */ = {
			isa = PBXCopyFilesBuildPhase;
			buildActionMask = 2147483647;
			dstPath = include;
			dstSubfolderSpec = 16;
			files = (
				6F6B438E224DF77C005CB0F3 /* BaseSDK.h in CopyFiles */,
				6F6B4388224C75DE005CB0F3 /* FineSDK.h in CopyFiles */,
				6F583728224B70F200B66C4B /* FineSDKInterface.h in CopyFiles */,
				6F583727224B70EE00B66C4B /* CallBackListener.h in CopyFiles */,
				6F583726224B70E900B66C4B /* Platform.h in CopyFiles */,
				6F583725224B70E600B66C4B /* ProtocolFather.h in CopyFiles */,
				6F583723224B70D800B66C4B /* ProtocolObject.h in CopyFiles */,
			);
			runOnlyForDeploymentPostprocessing = 0;
		};
/* End PBXCopyFilesBuildPhase section */

/* Begin PBXFileReference section */
		6F2D40182253692D006DDDE2 /* FineSDKTools.mm */ = {isa = PBXFileReference; lastKnownFileType = sourcecode.cpp.objcpp; path = FineSDKTools.mm; sourceTree = "<group>"; };
		6F2D401A22536970006DDDE2 /* FineSDKTools.h */ = {isa = PBXFileReference; lastKnownFileType = sourcecode.c.h; path = FineSDKTools.h; sourceTree = "<group>"; };
		6F5836F5224B6FE400B66C4B /* libFineSDK.a */ = {isa = PBXFileReference; explicitFileType = archive.ar; includeInIndex = 0; path = libFineSDK.a; sourceTree = BUILT_PRODUCTS_DIR; };
		6F5836F8224B6FE400B66C4B /* FineSDK.h */ = {isa = PBXFileReference; lastKnownFileType = sourcecode.c.h; path = FineSDK.h; sourceTree = "<group>"; };
		6F5836F9224B6FE400B66C4B /* FineSDK.mm */ = {isa = PBXFileReference; lastKnownFileType = sourcecode.cpp.objcpp; path = FineSDK.mm; sourceTree = "<group>"; };
		6F583703224B709200B66C4B /* ProtocolObject.h */ = {isa = PBXFileReference; fileEncoding = 4; lastKnownFileType = sourcecode.c.h; path = ProtocolObject.h; sourceTree = "<group>"; };
		6F583704224B709200B66C4B /* ProtocolFather.cpp */ = {isa = PBXFileReference; fileEncoding = 4; lastKnownFileType = sourcecode.cpp.cpp; path = ProtocolFather.cpp; sourceTree = "<group>"; };
		6F583706224B709200B66C4B /* ProtocolObject.cpp */ = {isa = PBXFileReference; fileEncoding = 4; lastKnownFileType = sourcecode.cpp.cpp; path = ProtocolObject.cpp; sourceTree = "<group>"; };
		6F583709224B709200B66C4B /* ProtocolFather.h */ = {isa = PBXFileReference; fileEncoding = 4; lastKnownFileType = sourcecode.c.h; path = ProtocolFather.h; sourceTree = "<group>"; };
		6F58370A224B709200B66C4B /* FineProtocol.h */ = {isa = PBXFileReference; fileEncoding = 4; lastKnownFileType = sourcecode.c.h; path = FineProtocol.h; sourceTree = "<group>"; };
		6F58370B224B709200B66C4B /* Platform.cpp */ = {isa = PBXFileReference; fileEncoding = 4; lastKnownFileType = sourcecode.cpp.cpp; path = Platform.cpp; sourceTree = "<group>"; };
		6F58370C224B709200B66C4B /* CallBackListener.h */ = {isa = PBXFileReference; fileEncoding = 4; lastKnownFileType = sourcecode.c.h; path = CallBackListener.h; sourceTree = "<group>"; };
		6F58370D224B709200B66C4B /* Platform.h */ = {isa = PBXFileReference; fileEncoding = 4; lastKnownFileType = sourcecode.c.h; path = Platform.h; sourceTree = "<group>"; };
		6F58371E224B70B800B66C4B /* FineSDKInterface.h */ = {isa = PBXFileReference; fileEncoding = 4; lastKnownFileType = sourcecode.c.h; path = FineSDKInterface.h; sourceTree = "<group>"; };
		6F583785224B9ED500B66C4B /* FineSDK.h */ = {isa = PBXFileReference; lastKnownFileType = sourcecode.c.h; path = FineSDK.h; sourceTree = "<group>"; };
		6F583787224B9ED500B66C4B /* FineSDK.cpp */ = {isa = PBXFileReference; lastKnownFileType = sourcecode.cpp.cpp; path = FineSDK.cpp; sourceTree = "<group>"; };
		6F583789224B9ED500B66C4B /* Android.mk */ = {isa = PBXFileReference; lastKnownFileType = text; path = Android.mk; sourceTree = "<group>"; };
		6F58378A224B9ED500B66C4B /* Application.mk */ = {isa = PBXFileReference; lastKnownFileType = text; path = Application.mk; sourceTree = "<group>"; };
		6F58378B224B9ED500B66C4B /* build.sh */ = {isa = PBXFileReference; lastKnownFileType = text.script.sh; path = build.sh; sourceTree = "<group>"; };
		6F58378D224B9ED500B66C4B /* JNIHelper.h */ = {isa = PBXFileReference; lastKnownFileType = sourcecode.c.h; path = JNIHelper.h; sourceTree = "<group>"; };
		6F58378E224B9ED500B66C4B /* NDKHelper.h */ = {isa = PBXFileReference; lastKnownFileType = sourcecode.c.h; path = NDKHelper.h; sourceTree = "<group>"; };
		6F58378F224B9ED500B66C4B /* NDKHelper.cpp */ = {isa = PBXFileReference; lastKnownFileType = sourcecode.cpp.cpp; path = NDKHelper.cpp; sourceTree = "<group>"; };
		6F583790224B9ED500B66C4B /* JNIHelper.cpp */ = {isa = PBXFileReference; lastKnownFileType = sourcecode.cpp.cpp; path = JNIHelper.cpp; sourceTree = "<group>"; };
		6F583794224B9ED500B66C4B /* main.xml */ = {isa = PBXFileReference; lastKnownFileType = text.xml; path = main.xml; sourceTree = "<group>"; };
		6F583796224B9ED500B66C4B /* strings.xml */ = {isa = PBXFileReference; lastKnownFileType = text.xml; path = strings.xml; sourceTree = "<group>"; };
		6F583799224B9ED500B66C4B /* ic_launcher.png */ = {isa = PBXFileReference; lastKnownFileType = image.png; path = ic_launcher.png; sourceTree = "<group>"; };
		6F5837A2224B9ED500B66C4B /* NDKHelper.class */ = {isa = PBXFileReference; lastKnownFileType = compiled.javaclass; path = NDKHelper.class; sourceTree = "<group>"; };
		6F5837A3224B9ED500B66C4B /* NDKMessage.class */ = {isa = PBXFileReference; lastKnownFileType = compiled.javaclass; path = NDKMessage.class; sourceTree = "<group>"; };
		6F5837A4224B9ED500B66C4B /* NDKHelper$1.class */ = {isa = PBXFileReference; lastKnownFileType = compiled.javaclass; path = NDKHelper$1.class; sourceTree = "<group>"; };
		6F5837A5224B9ED500B66C4B /* NDKHelper$2.class */ = {isa = PBXFileReference; lastKnownFileType = compiled.javaclass; path = NDKHelper$2.class; sourceTree = "<group>"; };
		6F5837A7224B9ED500B66C4B /* R.class */ = {isa = PBXFileReference; lastKnownFileType = compiled.javaclass; path = R.class; sourceTree = "<group>"; };
		6F5837A9224B9ED500B66C4B /* MainActivity.class */ = {isa = PBXFileReference; lastKnownFileType = compiled.javaclass; path = MainActivity.class; sourceTree = "<group>"; };
		6F5837AA224B9ED500B66C4B /* MainActivity$1.class */ = {isa = PBXFileReference; lastKnownFileType = compiled.javaclass; path = MainActivity$1.class; sourceTree = "<group>"; };
		6F5837AB224B9ED500B66C4B /* InterfaceActivity.class */ = {isa = PBXFileReference; lastKnownFileType = compiled.javaclass; path = InterfaceActivity.class; sourceTree = "<group>"; };
		6F5837AC224B9ED500B66C4B /* R$id.class */ = {isa = PBXFileReference; lastKnownFileType = compiled.javaclass; path = R$id.class; sourceTree = "<group>"; };
		6F5837AD224B9ED500B66C4B /* SDKProvider.class */ = {isa = PBXFileReference; lastKnownFileType = compiled.javaclass; path = SDKProvider.class; sourceTree = "<group>"; };
		6F5837AE224B9ED500B66C4B /* BuildConfig.class */ = {isa = PBXFileReference; lastKnownFileType = compiled.javaclass; path = BuildConfig.class; sourceTree = "<group>"; };
		6F5837AF224B9ED500B66C4B /* R$string.class */ = {isa = PBXFileReference; lastKnownFileType = compiled.javaclass; path = R$string.class; sourceTree = "<group>"; };
		6F5837B0224B9ED500B66C4B /* BaseSDK.class */ = {isa = PBXFileReference; lastKnownFileType = compiled.javaclass; path = BaseSDK.class; sourceTree = "<group>"; };
		6F5837B1224B9ED500B66C4B /* R$layout.class */ = {isa = PBXFileReference; lastKnownFileType = compiled.javaclass; path = R$layout.class; sourceTree = "<group>"; };
		6F5837B2224B9ED500B66C4B /* R$attr.class */ = {isa = PBXFileReference; lastKnownFileType = compiled.javaclass; path = R$attr.class; sourceTree = "<group>"; };
		6F5837B3224B9ED500B66C4B /* R$drawable.class */ = {isa = PBXFileReference; lastKnownFileType = compiled.javaclass; path = R$drawable.class; sourceTree = "<group>"; };
		6F5837B4224B9ED500B66C4B /* AndroidManifest.xml */ = {isa = PBXFileReference; lastKnownFileType = text.xml; path = AndroidManifest.xml; sourceTree = "<group>"; };
		6F5837B5224B9ED500B66C4B /* AndroidManifest.xml */ = {isa = PBXFileReference; lastKnownFileType = text.xml; path = AndroidManifest.xml; sourceTree = "<group>"; };
		6F5837B6224B9ED500B66C4B /* project.properties */ = {isa = PBXFileReference; lastKnownFileType = text; path = project.properties; sourceTree = "<group>"; };
		6F5837B7224B9ED500B66C4B /* .classpath */ = {isa = PBXFileReference; lastKnownFileType = text.xml; path = .classpath; sourceTree = "<group>"; };
		6F5837BC224B9ED500B66C4B /* R.java */ = {isa = PBXFileReference; lastKnownFileType = sourcecode.java; path = R.java; sourceTree = "<group>"; };
		6F5837BD224B9ED500B66C4B /* BuildConfig.java */ = {isa = PBXFileReference; lastKnownFileType = sourcecode.java; path = BuildConfig.java; sourceTree = "<group>"; };
		6F5837C0224B9ED500B66C4B /* libcysdk.so */ = {isa = PBXFileReference; lastKnownFileType = file; path = libcysdk.so; sourceTree = "<group>"; };
		6F5837C1224B9ED500B66C4B /* proguard-project.txt */ = {isa = PBXFileReference; lastKnownFileType = text; path = "proguard-project.txt"; sourceTree = "<group>"; };
		6F5837C3224B9ED500B66C4B /* org.eclipse.jdt.core.prefs */ = {isa = PBXFileReference; lastKnownFileType = text; path = org.eclipse.jdt.core.prefs; sourceTree = "<group>"; };
		6F5837C4224B9ED500B66C4B /* .project */ = {isa = PBXFileReference; lastKnownFileType = text.xml; path = .project; sourceTree = "<group>"; };
		6F5837CA224B9ED500B66C4B /* NDKHelper.java */ = {isa = PBXFileReference; lastKnownFileType = sourcecode.java; path = NDKHelper.java; sourceTree = "<group>"; };
		6F5837CB224B9ED500B66C4B /* NDKMessage.java */ = {isa = PBXFileReference; lastKnownFileType = sourcecode.java; path = NDKMessage.java; sourceTree = "<group>"; };
		6F5837CE224B9ED500B66C4B /* MainActivity.java */ = {isa = PBXFileReference; lastKnownFileType = sourcecode.java; path = MainActivity.java; sourceTree = "<group>"; };
		6F5837CF224B9ED500B66C4B /* BaseSDK.java */ = {isa = PBXFileReference; lastKnownFileType = sourcecode.java; path = BaseSDK.java; sourceTree = "<group>"; };
		6F5837D0224B9ED500B66C4B /* SDKProvider.java */ = {isa = PBXFileReference; lastKnownFileType = sourcecode.java; path = SDKProvider.java; sourceTree = "<group>"; };
		6F5837D1224B9ED500B66C4B /* InterfaceActivity.java */ = {isa = PBXFileReference; lastKnownFileType = sourcecode.java; path = InterfaceActivity.java; sourceTree = "<group>"; };
		6F6B438B224DF600005CB0F3 /* BaseSDK.mm */ = {isa = PBXFileReference; lastKnownFileType = sourcecode.cpp.objcpp; path = BaseSDK.mm; sourceTree = "<group>"; };
		6F6B438D224DF626005CB0F3 /* BaseSDK.h */ = {isa = PBXFileReference; lastKnownFileType = sourcecode.c.h; path = BaseSDK.h; sourceTree = "<group>"; };
		6F6B4391224E1730005CB0F3 /* FineProtocol.cpp */ = {isa = PBXFileReference; fileEncoding = 4; lastKnownFileType = sourcecode.cpp.cpp; path = FineProtocol.cpp; sourceTree = "<group>"; };
		6F6B43C5224E3309005CB0F3 /* pack_unpack.c */ = {isa = PBXFileReference; lastKnownFileType = sourcecode.c.c; path = pack_unpack.c; sourceTree = "<group>"; };
		6F6B43C6224E3309005CB0F3 /* jansson_config.h */ = {isa = PBXFileReference; lastKnownFileType = sourcecode.c.h; path = jansson_config.h; sourceTree = "<group>"; };
		6F6B43C7224E3309005CB0F3 /* memory.c */ = {isa = PBXFileReference; lastKnownFileType = sourcecode.c.c; path = memory.c; sourceTree = "<group>"; };
		6F6B43C8224E3309005CB0F3 /* strconv.c */ = {isa = PBXFileReference; lastKnownFileType = sourcecode.c.c; path = strconv.c; sourceTree = "<group>"; };
		6F6B43C9224E3309005CB0F3 /* jansson_private.h */ = {isa = PBXFileReference; lastKnownFileType = sourcecode.c.h; path = jansson_private.h; sourceTree = "<group>"; };
		6F6B43CA224E3309005CB0F3 /* hashtable.h */ = {isa = PBXFileReference; lastKnownFileType = sourcecode.c.h; path = hashtable.h; sourceTree = "<group>"; };
		6F6B43CB224E3309005CB0F3 /* utf.h */ = {isa = PBXFileReference; lastKnownFileType = sourcecode.c.h; path = utf.h; sourceTree = "<group>"; };
		6F6B43CC224E3309005CB0F3 /* strbuffer.c */ = {isa = PBXFileReference; lastKnownFileType = sourcecode.c.c; path = strbuffer.c; sourceTree = "<group>"; };
		6F6B43CD224E3309005CB0F3 /* dump.c */ = {isa = PBXFileReference; lastKnownFileType = sourcecode.c.c; path = dump.c; sourceTree = "<group>"; };
		6F6B43CE224E3309005CB0F3 /* error.c */ = {isa = PBXFileReference; lastKnownFileType = sourcecode.c.c; path = error.c; sourceTree = "<group>"; };
		6F6B43CF224E3309005CB0F3 /* hashtable.c */ = {isa = PBXFileReference; lastKnownFileType = sourcecode.c.c; path = hashtable.c; sourceTree = "<group>"; };
		6F6B43D0224E3309005CB0F3 /* utf.c */ = {isa = PBXFileReference; lastKnownFileType = sourcecode.c.c; path = utf.c; sourceTree = "<group>"; };
		6F6B43D1224E3309005CB0F3 /* jansson.h */ = {isa = PBXFileReference; lastKnownFileType = sourcecode.c.h; path = jansson.h; sourceTree = "<group>"; };
		6F6B43D2224E3309005CB0F3 /* load.c */ = {isa = PBXFileReference; lastKnownFileType = sourcecode.c.c; path = load.c; sourceTree = "<group>"; };
		6F6B43D3224E3309005CB0F3 /* value.c */ = {isa = PBXFileReference; lastKnownFileType = sourcecode.c.c; path = value.c; sourceTree = "<group>"; };
		6F6B43D4224E3309005CB0F3 /* strbuffer.h */ = {isa = PBXFileReference; lastKnownFileType = sourcecode.c.h; path = strbuffer.h; sourceTree = "<group>"; };
		6F6B43D6224E3312005CB0F3 /* reader.h */ = {isa = PBXFileReference; lastKnownFileType = sourcecode.c.h; path = reader.h; sourceTree = "<group>"; };
		6F6B43D7224E3312005CB0F3 /* config.h */ = {isa = PBXFileReference; lastKnownFileType = sourcecode.c.h; path = config.h; sourceTree = "<group>"; };
		6F6B43D8224E3312005CB0F3 /* features.h */ = {isa = PBXFileReference; lastKnownFileType = sourcecode.c.h; path = features.h; sourceTree = "<group>"; };
		6F6B43D9224E3312005CB0F3 /* value.h */ = {isa = PBXFileReference; lastKnownFileType = sourcecode.c.h; path = value.h; sourceTree = "<group>"; };
		6F6B43DA224E3312005CB0F3 /* autolink.h */ = {isa = PBXFileReference; lastKnownFileType = sourcecode.c.h; path = autolink.h; sourceTree = "<group>"; };
		6F6B43DB224E3312005CB0F3 /* json.h */ = {isa = PBXFileReference; lastKnownFileType = sourcecode.c.h; path = json.h; sourceTree = "<group>"; };
		6F6B43DD224E3312005CB0F3 /* json_writer.cpp */ = {isa = PBXFileReference; lastKnownFileType = sourcecode.cpp.cpp; path = json_writer.cpp; sourceTree = "<group>"; };
		6F6B43DE224E3312005CB0F3 /* json_internalmap.inl */ = {isa = PBXFileReference; lastKnownFileType = text; path = json_internalmap.inl; sourceTree = "<group>"; };
		6F6B43DF224E3312005CB0F3 /* json_reader.cpp */ = {isa = PBXFileReference; lastKnownFileType = sourcecode.cpp.cpp; path = json_reader.cpp; sourceTree = "<group>"; };
		6F6B43E0224E3312005CB0F3 /* json_batchallocator.h */ = {isa = PBXFileReference; lastKnownFileType = sourcecode.c.h; path = json_batchallocator.h; sourceTree = "<group>"; };
		6F6B43E1224E3312005CB0F3 /* sconscript */ = {isa = PBXFileReference; lastKnownFileType = text; path = sconscript; sourceTree = "<group>"; };
		6F6B43E2224E3312005CB0F3 /* json_value.cpp */ = {isa = PBXFileReference; lastKnownFileType = sourcecode.cpp.cpp; path = json_value.cpp; sourceTree = "<group>"; };
		6F6B43E3224E3312005CB0F3 /* json_valueiterator.inl */ = {isa = PBXFileReference; lastKnownFileType = text; path = json_valueiterator.inl; sourceTree = "<group>"; };
		6F6B43E4224E3312005CB0F3 /* json_internalarray.inl */ = {isa = PBXFileReference; lastKnownFileType = text; path = json_internalarray.inl; sourceTree = "<group>"; };
		6F6B43E5224E3312005CB0F3 /* writer.h */ = {isa = PBXFileReference; lastKnownFileType = sourcecode.c.h; path = writer.h; sourceTree = "<group>"; };
		6F6B43E6224E3312005CB0F3 /* forwards.h */ = {isa = PBXFileReference; lastKnownFileType = sourcecode.c.h; path = forwards.h; sourceTree = "<group>"; };
		6F6B43F722521EC9005CB0F3 /* FineLuaLoader.cpp */ = {isa = PBXFileReference; lastKnownFileType = sourcecode.cpp.cpp; path = FineLuaLoader.cpp; sourceTree = "<group>"; };
		6F6B43F822521EC9005CB0F3 /* FineLuaLoader.h */ = {isa = PBXFileReference; lastKnownFileType = sourcecode.c.h; path = FineLuaLoader.h; sourceTree = "<group>"; };
		6F6B43FD225310D9005CB0F3 /* LuaPlatform.cpp */ = {isa = PBXFileReference; fileEncoding = 4; lastKnownFileType = sourcecode.cpp.cpp; path = LuaPlatform.cpp; sourceTree = "<group>"; };
		6F6DBA33225F486800A91DCB /* FineUnity3D.cpp */ = {isa = PBXFileReference; lastKnownFileType = sourcecode.cpp.cpp; path = FineUnity3D.cpp; sourceTree = "<group>"; };
		6F6DBA34225F486800A91DCB /* FineUnity3D.h */ = {isa = PBXFileReference; lastKnownFileType = sourcecode.c.h; path = FineUnity3D.h; sourceTree = "<group>"; };
/* End PBXFileReference section */

/* Begin PBXFrameworksBuildPhase section */
		6F5836F2224B6FE400B66C4B /* Frameworks */ = {
			isa = PBXFrameworksBuildPhase;
			buildActionMask = 2147483647;
			files = (
			);
			runOnlyForDeploymentPostprocessing = 0;
		};
/* End PBXFrameworksBuildPhase section */

/* Begin PBXGroup section */
		6F5836EC224B6FE400B66C4B = {
			isa = PBXGroup;
			children = (
				6F583783224B9ED500B66C4B /* Android */,
				6F583701224B709200B66C4B /* Classes */,
				6F5836F7224B6FE400B66C4B /* FineSDK */,
				6F5836F6224B6FE400B66C4B /* Products */,
			);
			sourceTree = "<group>";
		};
		6F5836F6224B6FE400B66C4B /* Products */ = {
			isa = PBXGroup;
			children = (
				6F5836F5224B6FE400B66C4B /* libFineSDK.a */,
			);
			name = Products;
			sourceTree = "<group>";
		};
		6F5836F7224B6FE400B66C4B /* FineSDK */ = {
			isa = PBXGroup;
			children = (
				6F5836F8224B6FE400B66C4B /* FineSDK.h */,
				6F5836F9224B6FE400B66C4B /* FineSDK.mm */,
				6F6B438D224DF626005CB0F3 /* BaseSDK.h */,
				6F6B438B224DF600005CB0F3 /* BaseSDK.mm */,
				6F58371E224B70B800B66C4B /* FineSDKInterface.h */,
				6F2D401A22536970006DDDE2 /* FineSDKTools.h */,
				6F2D40182253692D006DDDE2 /* FineSDKTools.mm */,
			);
			path = FineSDK;
			sourceTree = "<group>";
		};
		6F583701224B709200B66C4B /* Classes */ = {
			isa = PBXGroup;
			children = (
				6F6DBA32225F483700A91DCB /* unity3d */,
				6F6B43EC22521E01005CB0F3 /* cocos2d-x */,
				6F58370D224B709200B66C4B /* Platform.h */,
				6F58370B224B709200B66C4B /* Platform.cpp */,
				6F58370A224B709200B66C4B /* FineProtocol.h */,
				6F6B4391224E1730005CB0F3 /* FineProtocol.cpp */,
				6F583703224B709200B66C4B /* ProtocolObject.h */,
				6F583706224B709200B66C4B /* ProtocolObject.cpp */,
				6F583709224B709200B66C4B /* ProtocolFather.h */,
				6F583704224B709200B66C4B /* ProtocolFather.cpp */,
				6F58370C224B709200B66C4B /* CallBackListener.h */,
			);
			name = Classes;
			path = ../../Classes;
			sourceTree = "<group>";
		};
		6F583783224B9ED500B66C4B /* Android */ = {
			isa = PBXGroup;
			children = (
				6F583784224B9ED500B66C4B /* FineSDK */,
				6F583791224B9ED500B66C4B /* FineSDKLibrary */,
			);
			name = Android;
			path = ../../Android;
			sourceTree = "<group>";
		};
		6F583784224B9ED500B66C4B /* FineSDK */ = {
			isa = PBXGroup;
			children = (
				6F583788224B9ED500B66C4B /* jni */,
				6F6B43D5224E3312005CB0F3 /* json */,
				6F6B43C4224E3309005CB0F3 /* jansson */,
				6F58378C224B9ED500B66C4B /* NDKHelper */,
				6F583785224B9ED500B66C4B /* FineSDK.h */,
				6F583787224B9ED500B66C4B /* FineSDK.cpp */,
			);
			path = FineSDK;
			sourceTree = "<group>";
		};
		6F583788224B9ED500B66C4B /* jni */ = {
			isa = PBXGroup;
			children = (
				6F583789224B9ED500B66C4B /* Android.mk */,
				6F58378A224B9ED500B66C4B /* Application.mk */,
				6F58378B224B9ED500B66C4B /* build.sh */,
			);
			path = jni;
			sourceTree = "<group>";
		};
		6F58378C224B9ED500B66C4B /* NDKHelper */ = {
			isa = PBXGroup;
			children = (
				6F58378D224B9ED500B66C4B /* JNIHelper.h */,
				6F583790224B9ED500B66C4B /* JNIHelper.cpp */,
				6F58378E224B9ED500B66C4B /* NDKHelper.h */,
				6F58378F224B9ED500B66C4B /* NDKHelper.cpp */,
			);
			path = NDKHelper;
			sourceTree = "<group>";
		};
		6F583791224B9ED500B66C4B /* FineSDKLibrary */ = {
			isa = PBXGroup;
			children = (
				6F583792224B9ED500B66C4B /* res */,
				6F58379C224B9ED500B66C4B /* bin */,
				6F5837B5224B9ED500B66C4B /* AndroidManifest.xml */,
				6F5837B6224B9ED500B66C4B /* project.properties */,
				6F5837B7224B9ED500B66C4B /* .classpath */,
				6F5837B8224B9ED500B66C4B /* gen */,
				6F5837BE224B9ED500B66C4B /* libs */,
				6F5837C1224B9ED500B66C4B /* proguard-project.txt */,
				6F5837C2224B9ED500B66C4B /* .settings */,
				6F5837C4224B9ED500B66C4B /* .project */,
				6F5837C5224B9ED500B66C4B /* assets */,
				6F5837C6224B9ED500B66C4B /* src */,
			);
			path = FineSDKLibrary;
			sourceTree = "<group>";
		};
		6F583792224B9ED500B66C4B /* res */ = {
			isa = PBXGroup;
			children = (
				6F583793224B9ED500B66C4B /* layout */,
				6F583795224B9ED500B66C4B /* values */,
				6F583797224B9ED500B66C4B /* drawable-xhdpi */,
				6F583798224B9ED500B66C4B /* drawable-hdpi */,
				6F58379A224B9ED500B66C4B /* drawable-ldpi */,
				6F58379B224B9ED500B66C4B /* drawable-mdpi */,
			);
			path = res;
			sourceTree = "<group>";
		};
		6F583793224B9ED500B66C4B /* layout */ = {
			isa = PBXGroup;
			children = (
				6F583794224B9ED500B66C4B /* main.xml */,
			);
			path = layout;
			sourceTree = "<group>";
		};
		6F583795224B9ED500B66C4B /* values */ = {
			isa = PBXGroup;
			children = (
				6F583796224B9ED500B66C4B /* strings.xml */,
			);
			path = values;
			sourceTree = "<group>";
		};
		6F583797224B9ED500B66C4B /* drawable-xhdpi */ = {
			isa = PBXGroup;
			children = (
			);
			path = "drawable-xhdpi";
			sourceTree = "<group>";
		};
		6F583798224B9ED500B66C4B /* drawable-hdpi */ = {
			isa = PBXGroup;
			children = (
				6F583799224B9ED500B66C4B /* ic_launcher.png */,
			);
			path = "drawable-hdpi";
			sourceTree = "<group>";
		};
		6F58379A224B9ED500B66C4B /* drawable-ldpi */ = {
			isa = PBXGroup;
			children = (
			);
			path = "drawable-ldpi";
			sourceTree = "<group>";
		};
		6F58379B224B9ED500B66C4B /* drawable-mdpi */ = {
			isa = PBXGroup;
			children = (
			);
			path = "drawable-mdpi";
			sourceTree = "<group>";
		};
		6F58379C224B9ED500B66C4B /* bin */ = {
			isa = PBXGroup;
			children = (
				6F58379D224B9ED500B66C4B /* res */,
				6F58379E224B9ED500B66C4B /* classes */,
				6F5837B4224B9ED500B66C4B /* AndroidManifest.xml */,
			);
			path = bin;
			sourceTree = "<group>";
		};
		6F58379D224B9ED500B66C4B /* res */ = {
			isa = PBXGroup;
			children = (
			);
			path = res;
			sourceTree = "<group>";
		};
		6F58379E224B9ED500B66C4B /* classes */ = {
			isa = PBXGroup;
			children = (
				6F58379F224B9ED500B66C4B /* com */,
			);
			path = classes;
			sourceTree = "<group>";
		};
		6F58379F224B9ED500B66C4B /* com */ = {
			isa = PBXGroup;
			children = (
				6F5837A0224B9ED500B66C4B /* cylee */,
			);
			path = com;
			sourceTree = "<group>";
		};
		6F5837A0224B9ED500B66C4B /* cylee */ = {
			isa = PBXGroup;
			children = (
				6F5837A1224B9ED500B66C4B /* ndk */,
				6F5837A6224B9ED500B66C4B /* sdk */,
			);
			path = cylee;
			sourceTree = "<group>";
		};
		6F5837A1224B9ED500B66C4B /* ndk */ = {
			isa = PBXGroup;
			children = (
				6F5837A2224B9ED500B66C4B /* NDKHelper.class */,
				6F5837A3224B9ED500B66C4B /* NDKMessage.class */,
				6F5837A4224B9ED500B66C4B /* NDKHelper$1.class */,
				6F5837A5224B9ED500B66C4B /* NDKHelper$2.class */,
			);
			path = ndk;
			sourceTree = "<group>";
		};
		6F5837A6224B9ED500B66C4B /* sdk */ = {
			isa = PBXGroup;
			children = (
				6F5837A7224B9ED500B66C4B /* R.class */,
				6F5837A8224B9ED500B66C4B /* demo */,
				6F5837AB224B9ED500B66C4B /* InterfaceActivity.class */,
				6F5837AC224B9ED500B66C4B /* R$id.class */,
				6F5837AD224B9ED500B66C4B /* SDKProvider.class */,
				6F5837AE224B9ED500B66C4B /* BuildConfig.class */,
				6F5837AF224B9ED500B66C4B /* R$string.class */,
				6F5837B0224B9ED500B66C4B /* BaseSDK.class */,
				6F5837B1224B9ED500B66C4B /* R$layout.class */,
				6F5837B2224B9ED500B66C4B /* R$attr.class */,
				6F5837B3224B9ED500B66C4B /* R$drawable.class */,
			);
			path = sdk;
			sourceTree = "<group>";
		};
		6F5837A8224B9ED500B66C4B /* demo */ = {
			isa = PBXGroup;
			children = (
				6F5837A9224B9ED500B66C4B /* MainActivity.class */,
				6F5837AA224B9ED500B66C4B /* MainActivity$1.class */,
			);
			path = demo;
			sourceTree = "<group>";
		};
		6F5837B8224B9ED500B66C4B /* gen */ = {
			isa = PBXGroup;
			children = (
				6F5837B9224B9ED500B66C4B /* com */,
			);
			path = gen;
			sourceTree = "<group>";
		};
		6F5837B9224B9ED500B66C4B /* com */ = {
			isa = PBXGroup;
			children = (
				6F5837BA224B9ED500B66C4B /* cylee */,
			);
			path = com;
			sourceTree = "<group>";
		};
		6F5837BA224B9ED500B66C4B /* cylee */ = {
			isa = PBXGroup;
			children = (
				6F5837BB224B9ED500B66C4B /* sdk */,
			);
			path = cylee;
			sourceTree = "<group>";
		};
		6F5837BB224B9ED500B66C4B /* sdk */ = {
			isa = PBXGroup;
			children = (
				6F5837BC224B9ED500B66C4B /* R.java */,
				6F5837BD224B9ED500B66C4B /* BuildConfig.java */,
			);
			path = sdk;
			sourceTree = "<group>";
		};
		6F5837BE224B9ED500B66C4B /* libs */ = {
			isa = PBXGroup;
			children = (
				6F5837BF224B9ED500B66C4B /* armeabi */,
			);
			path = libs;
			sourceTree = "<group>";
		};
		6F5837BF224B9ED500B66C4B /* armeabi */ = {
			isa = PBXGroup;
			children = (
				6F5837C0224B9ED500B66C4B /* libcysdk.so */,
			);
			path = armeabi;
			sourceTree = "<group>";
		};
		6F5837C2224B9ED500B66C4B /* .settings */ = {
			isa = PBXGroup;
			children = (
				6F5837C3224B9ED500B66C4B /* org.eclipse.jdt.core.prefs */,
			);
			path = .settings;
			sourceTree = "<group>";
		};
		6F5837C5224B9ED500B66C4B /* assets */ = {
			isa = PBXGroup;
			children = (
			);
			path = assets;
			sourceTree = "<group>";
		};
		6F5837C6224B9ED500B66C4B /* src */ = {
			isa = PBXGroup;
			children = (
				6F5837C7224B9ED500B66C4B /* com */,
			);
			path = src;
			sourceTree = "<group>";
		};
		6F5837C7224B9ED500B66C4B /* com */ = {
			isa = PBXGroup;
			children = (
				6F5837C8224B9ED500B66C4B /* cylee */,
			);
			path = com;
			sourceTree = "<group>";
		};
		6F5837C8224B9ED500B66C4B /* cylee */ = {
			isa = PBXGroup;
			children = (
				6F5837C9224B9ED500B66C4B /* ndk */,
				6F5837CC224B9ED500B66C4B /* sdk */,
			);
			path = cylee;
			sourceTree = "<group>";
		};
		6F5837C9224B9ED500B66C4B /* ndk */ = {
			isa = PBXGroup;
			children = (
				6F5837CA224B9ED500B66C4B /* NDKHelper.java */,
				6F5837CB224B9ED500B66C4B /* NDKMessage.java */,
			);
			path = ndk;
			sourceTree = "<group>";
		};
		6F5837CC224B9ED500B66C4B /* sdk */ = {
			isa = PBXGroup;
			children = (
				6F5837CD224B9ED500B66C4B /* demo */,
				6F5837CF224B9ED500B66C4B /* BaseSDK.java */,
				6F5837D0224B9ED500B66C4B /* SDKProvider.java */,
				6F5837D1224B9ED500B66C4B /* InterfaceActivity.java */,
			);
			path = sdk;
			sourceTree = "<group>";
		};
		6F5837CD224B9ED500B66C4B /* demo */ = {
			isa = PBXGroup;
			children = (
				6F5837CE224B9ED500B66C4B /* MainActivity.java */,
			);
			path = demo;
			sourceTree = "<group>";
		};
		6F6B43C4224E3309005CB0F3 /* jansson */ = {
			isa = PBXGroup;
			children = (
				6F6B43C5224E3309005CB0F3 /* pack_unpack.c */,
				6F6B43C6224E3309005CB0F3 /* jansson_config.h */,
				6F6B43C7224E3309005CB0F3 /* memory.c */,
				6F6B43C8224E3309005CB0F3 /* strconv.c */,
				6F6B43C9224E3309005CB0F3 /* jansson_private.h */,
				6F6B43CA224E3309005CB0F3 /* hashtable.h */,
				6F6B43CB224E3309005CB0F3 /* utf.h */,
				6F6B43CC224E3309005CB0F3 /* strbuffer.c */,
				6F6B43CD224E3309005CB0F3 /* dump.c */,
				6F6B43CE224E3309005CB0F3 /* error.c */,
				6F6B43CF224E3309005CB0F3 /* hashtable.c */,
				6F6B43D0224E3309005CB0F3 /* utf.c */,
				6F6B43D1224E3309005CB0F3 /* jansson.h */,
				6F6B43D2224E3309005CB0F3 /* load.c */,
				6F6B43D3224E3309005CB0F3 /* value.c */,
				6F6B43D4224E3309005CB0F3 /* strbuffer.h */,
			);
			path = jansson;
			sourceTree = "<group>";
		};
		6F6B43D5224E3312005CB0F3 /* json */ = {
			isa = PBXGroup;
			children = (
				6F6B43D6224E3312005CB0F3 /* reader.h */,
				6F6B43D7224E3312005CB0F3 /* config.h */,
				6F6B43D8224E3312005CB0F3 /* features.h */,
				6F6B43D9224E3312005CB0F3 /* value.h */,
				6F6B43DA224E3312005CB0F3 /* autolink.h */,
				6F6B43DB224E3312005CB0F3 /* json.h */,
				6F6B43DC224E3312005CB0F3 /* class */,
				6F6B43E5224E3312005CB0F3 /* writer.h */,
				6F6B43E6224E3312005CB0F3 /* forwards.h */,
			);
			path = json;
			sourceTree = "<group>";
		};
		6F6B43DC224E3312005CB0F3 /* class */ = {
			isa = PBXGroup;
			children = (
				6F6B43DD224E3312005CB0F3 /* json_writer.cpp */,
				6F6B43DE224E3312005CB0F3 /* json_internalmap.inl */,
				6F6B43DF224E3312005CB0F3 /* json_reader.cpp */,
				6F6B43E0224E3312005CB0F3 /* json_batchallocator.h */,
				6F6B43E1224E3312005CB0F3 /* sconscript */,
				6F6B43E2224E3312005CB0F3 /* json_value.cpp */,
				6F6B43E3224E3312005CB0F3 /* json_valueiterator.inl */,
				6F6B43E4224E3312005CB0F3 /* json_internalarray.inl */,
			);
			path = class;
			sourceTree = "<group>";
		};
		6F6B43EC22521E01005CB0F3 /* cocos2d-x */ = {
			isa = PBXGroup;
			children = (
				6F6B43ED22521E01005CB0F3 /* tolua */,
			);
			path = "cocos2d-x";
			sourceTree = "<group>";
		};
		6F6B43ED22521E01005CB0F3 /* tolua */ = {
			isa = PBXGroup;
			children = (
				6F6B43FD225310D9005CB0F3 /* LuaPlatform.cpp */,
				6F6B43F722521EC9005CB0F3 /* FineLuaLoader.cpp */,
				6F6B43F822521EC9005CB0F3 /* FineLuaLoader.h */,
			);
			path = tolua;
			sourceTree = "<group>";
		};
		6F6DBA32225F483700A91DCB /* unity3d */ = {
			isa = PBXGroup;
			children = (
				6F6DBA33225F486800A91DCB /* FineUnity3D.cpp */,
				6F6DBA34225F486800A91DCB /* FineUnity3D.h */,
			);
			path = unity3d;
			sourceTree = "<group>";
		};
/* End PBXGroup section */

/* Begin PBXNativeTarget section */
		6F5836F4224B6FE400B66C4B /* FineSDK */ = {
			isa = PBXNativeTarget;
			buildConfigurationList = 6F5836FE224B6FE400B66C4B /* Build configuration list for PBXNativeTarget "FineSDK" */;
			buildPhases = (
				6F5836F1224B6FE400B66C4B /* Sources */,
				6F5836F2224B6FE400B66C4B /* Frameworks */,
				6F5836F3224B6FE400B66C4B /* CopyFiles */,
			);
			buildRules = (
			);
			dependencies = (
			);
			name = FineSDK;
			productName = FineSDK;
			productReference = 6F5836F5224B6FE400B66C4B /* libFineSDK.a */;
			productType = "com.apple.product-type.library.static";
		};
/* End PBXNativeTarget section */

/* Begin PBXProject section */
		6F5836ED224B6FE400B66C4B /* Project object */ = {
			isa = PBXProject;
			attributes = {
				LastUpgradeCheck = 0940;
				ORGANIZATIONNAME = cylee;
				TargetAttributes = {
					6F5836F4224B6FE400B66C4B = {
						CreatedOnToolsVersion = 9.4;
					};
				};
			};
			buildConfigurationList = 6F5836F0224B6FE400B66C4B /* Build configuration list for PBXProject "FineSDK" */;
			compatibilityVersion = "Xcode 9.3";
			developmentRegion = en;
			hasScannedForEncodings = 0;
			knownRegions = (
				en,
			);
			mainGroup = 6F5836EC224B6FE400B66C4B;
			productRefGroup = 6F5836F6224B6FE400B66C4B /* Products */;
			projectDirPath = "";
			projectRoot = "";
			targets = (
				6F5836F4224B6FE400B66C4B /* FineSDK */,
			);
		};
/* End PBXProject section */

/* Begin PBXSourcesBuildPhase section */
		6F5836F1224B6FE400B66C4B /* Sources */ = {
			isa = PBXSourcesBuildPhase;
			buildActionMask = 2147483647;
			files = (
				6F6B4387224C75C8005CB0F3 /* FineSDK.mm in Sources */,
				6F6B438C224DF600005CB0F3 /* BaseSDK.mm in Sources */,
				6F6DBA36225F54F400A91DCB /* FineUnity3D.cpp in Sources */,
				6F583710224B709200B66C4B /* ProtocolObject.cpp in Sources */,
				6F6B4392224E1730005CB0F3 /* FineProtocol.cpp in Sources */,
				6F58370F224B709200B66C4B /* ProtocolFather.cpp in Sources */,
				6F2D40192253692D006DDDE2 /* FineSDKTools.mm in Sources */,
				6F583712224B709200B66C4B /* Platform.cpp in Sources */,
			);
			runOnlyForDeploymentPostprocessing = 0;
		};
/* End PBXSourcesBuildPhase section */

/* Begin XCBuildConfiguration section */
		6F5836FC224B6FE400B66C4B /* Debug */ = {
			isa = XCBuildConfiguration;
			buildSettings = {
				ALWAYS_SEARCH_USER_PATHS = NO;
				CLANG_ANALYZER_NONNULL = YES;
				CLANG_ANALYZER_NUMBER_OBJECT_CONVERSION = YES_AGGRESSIVE;
				CLANG_CXX_LANGUAGE_STANDARD = "gnu++14";
				CLANG_CXX_LIBRARY = "libc++";
				CLANG_ENABLE_MODULES = YES;
				CLANG_ENABLE_OBJC_ARC = YES;
				CLANG_ENABLE_OBJC_WEAK = YES;
				CLANG_WARN_BLOCK_CAPTURE_AUTORELEASING = YES;
				CLANG_WARN_BOOL_CONVERSION = YES;
				CLANG_WARN_COMMA = YES;
				CLANG_WARN_CONSTANT_CONVERSION = YES;
				CLANG_WARN_DEPRECATED_OBJC_IMPLEMENTATIONS = YES;
				CLANG_WARN_DIRECT_OBJC_ISA_USAGE = YES_ERROR;
				CLANG_WARN_DOCUMENTATION_COMMENTS = YES;
				CLANG_WARN_EMPTY_BODY = YES;
				CLANG_WARN_ENUM_CONVERSION = YES;
				CLANG_WARN_INFINITE_RECURSION = YES;
				CLANG_WARN_INT_CONVERSION = YES;
				CLANG_WARN_NON_LITERAL_NULL_CONVERSION = YES;
				CLANG_WARN_OBJC_IMPLICIT_RETAIN_SELF = YES;
				CLANG_WARN_OBJC_LITERAL_CONVERSION = YES;
				CLANG_WARN_OBJC_ROOT_CLASS = YES_ERROR;
				CLANG_WARN_RANGE_LOOP_ANALYSIS = YES;
				CLANG_WARN_STRICT_PROTOTYPES = YES;
				CLANG_WARN_SUSPICIOUS_MOVE = YES;
				CLANG_WARN_UNGUARDED_AVAILABILITY = YES_AGGRESSIVE;
				CLANG_WARN_UNREACHABLE_CODE = YES;
				CLANG_WARN__DUPLICATE_METHOD_MATCH = YES;
				CODE_SIGN_IDENTITY = "iPhone Developer";
				COPY_PHASE_STRIP = NO;
				DEBUG_INFORMATION_FORMAT = dwarf;
				ENABLE_STRICT_OBJC_MSGSEND = YES;
				ENABLE_TESTABILITY = YES;
				GCC_C_LANGUAGE_STANDARD = gnu11;
				GCC_DYNAMIC_NO_PIC = NO;
				GCC_NO_COMMON_BLOCKS = YES;
				GCC_OPTIMIZATION_LEVEL = 0;
				GCC_PREPROCESSOR_DEFINITIONS = (
					"DEBUG=1",
					"$(inherited)",
				);
				GCC_WARN_64_TO_32_BIT_CONVERSION = YES;
				GCC_WARN_ABOUT_RETURN_TYPE = YES_ERROR;
				GCC_WARN_UNDECLARED_SELECTOR = YES;
				GCC_WARN_UNINITIALIZED_AUTOS = YES_AGGRESSIVE;
				GCC_WARN_UNUSED_FUNCTION = YES;
				GCC_WARN_UNUSED_VARIABLE = YES;
				IPHONEOS_DEPLOYMENT_TARGET = 11.4;
				MTL_ENABLE_DEBUG_INFO = YES;
				ONLY_ACTIVE_ARCH = YES;
				SDKROOT = iphoneos;
			};
			name = Debug;
		};
		6F5836FD224B6FE400B66C4B /* Release */ = {
			isa = XCBuildConfiguration;
			buildSettings = {
				ALWAYS_SEARCH_USER_PATHS = NO;
				CLANG_ANALYZER_NONNULL = YES;
				CLANG_ANALYZER_NUMBER_OBJECT_CONVERSION = YES_AGGRESSIVE;
				CLANG_CXX_LANGUAGE_STANDARD = "gnu++14";
				CLANG_CXX_LIBRARY = "libc++";
				CLANG_ENABLE_MODULES = YES;
				CLANG_ENABLE_OBJC_ARC = YES;
				CLANG_ENABLE_OBJC_WEAK = YES;
				CLANG_WARN_BLOCK_CAPTURE_AUTORELEASING = YES;
				CLANG_WARN_BOOL_CONVERSION = YES;
				CLANG_WARN_COMMA = YES;
				CLANG_WARN_CONSTANT_CONVERSION = YES;
				CLANG_WARN_DEPRECATED_OBJC_IMPLEMENTATIONS = YES;
				CLANG_WARN_DIRECT_OBJC_ISA_USAGE = YES_ERROR;
				CLANG_WARN_DOCUMENTATION_COMMENTS = YES;
				CLANG_WARN_EMPTY_BODY = YES;
				CLANG_WARN_ENUM_CONVERSION = YES;
				CLANG_WARN_INFINITE_RECURSION = YES;
				CLANG_WARN_INT_CONVERSION = YES;
				CLANG_WARN_NON_LITERAL_NULL_CONVERSION = YES;
				CLANG_WARN_OBJC_IMPLICIT_RETAIN_SELF = YES;
				CLANG_WARN_OBJC_LITERAL_CONVERSION = YES;
				CLANG_WARN_OBJC_ROOT_CLASS = YES_ERROR;
				CLANG_WARN_RANGE_LOOP_ANALYSIS = YES;
				CLANG_WARN_STRICT_PROTOTYPES = YES;
				CLANG_WARN_SUSPICIOUS_MOVE = YES;
				CLANG_WARN_UNGUARDED_AVAILABILITY = YES_AGGRESSIVE;
				CLANG_WARN_UNREACHABLE_CODE = YES;
				CLANG_WARN__DUPLICATE_METHOD_MATCH = YES;
				CODE_SIGN_IDENTITY = "iPhone Developer";
				COPY_PHASE_STRIP = NO;
				DEBUG_INFORMATION_FORMAT = "dwarf-with-dsym";
				ENABLE_NS_ASSERTIONS = NO;
				ENABLE_STRICT_OBJC_MSGSEND = YES;
				GCC_C_LANGUAGE_STANDARD = gnu11;
				GCC_NO_COMMON_BLOCKS = YES;
				GCC_WARN_64_TO_32_BIT_CONVERSION = YES;
				GCC_WARN_ABOUT_RETURN_TYPE = YES_ERROR;
				GCC_WARN_UNDECLARED_SELECTOR = YES;
				GCC_WARN_UNINITIALIZED_AUTOS = YES_AGGRESSIVE;
				GCC_WARN_UNUSED_FUNCTION = YES;
				GCC_WARN_UNUSED_VARIABLE = YES;
				IPHONEOS_DEPLOYMENT_TARGET = 11.4;
				MTL_ENABLE_DEBUG_INFO = NO;
				SDKROOT = iphoneos;
				VALIDATE_PRODUCT = YES;
			};
			name = Release;
		};
		6F5836FF224B6FE400B66C4B /* Debug */ = {
			isa = XCBuildConfiguration;
			buildSettings = {
				CLANG_CXX_LANGUAGE_STANDARD = "gnu++0x";
				CODE_SIGN_STYLE = Automatic;
				ONLY_ACTIVE_ARCH = NO;
				OTHER_LDFLAGS = "-ObjC";
				PRODUCT_NAME = "$(TARGET_NAME)";
				SKIP_INSTALL = YES;
				TARGETED_DEVICE_FAMILY = "1,2";
				VALID_ARCHS = "arm64 armv7 armv7s i386 x86_64";
			};
			name = Debug;
		};
		6F583700224B6FE400B66C4B /* Release */ = {
			isa = XCBuildConfiguration;
			buildSettings = {
				CLANG_CXX_LANGUAGE_STANDARD = "gnu++0x";
				CODE_SIGN_STYLE = Automatic;
				OTHER_LDFLAGS = "-ObjC";
				PRODUCT_NAME = "$(TARGET_NAME)";
				SKIP_INSTALL = YES;
				TARGETED_DEVICE_FAMILY = "1,2";
				VALID_ARCHS = "arm64 armv7 armv7s i386 x86_64";
			};
			name = Release;
		};
/* End XCBuildConfiguration section */

/* Begin XCConfigurationList section */
		6F5836F0224B6FE400B66C4B /* Build configuration list for PBXProject "FineSDK" */ = {
			isa = XCConfigurationList;
			buildConfigurations = (
				6F5836FC224B6FE400B66C4B /* Debug */,
				6F5836FD224B6FE400B66C4B /* Release */,
			);
			defaultConfigurationIsVisible = 0;
			defaultConfigurationName = Release;
		};
		6F5836FE224B6FE400B66C4B /* Build configuration list for PBXNativeTarget "FineSDK" */ = {
			isa = XCConfigurationList;
			buildConfigurations = (
				6F5836FF224B6FE400B66C4B /* Debug */,
				6F583700224B6FE400B66C4B /* Release */,
			);
			defaultConfigurationIsVisible = 0;
			defaultConfigurationName = Release;
		};
/* End XCConfigurationList section */
	};
	rootObject = 6F5836ED224B6FE400B66C4B /* Project object */;
}
